
Microsoft Visual Studio Solution File, Format Version 12.00
# Visual Studio 15
VisualStudioVersion = 15.0.28307.329
MinimumVisualStudioVersion = 10.0.40219.1
Project("{888888A0-9F3D-457C-B088-3A5042F75D52}") = "Lab4", "Lab4\Lab4.pyproj", "{89D831FE-78E1-45FA-888B-7CBEC40A251B}"
EndProject
Global
	GlobalSection(SolutionConfigurationPlatforms) = preSolution
		Debug|Any CPU = Debug|Any CPU
		Release|Any CPU = Release|Any CPU
	EndGlobalSection
	GlobalSection(ProjectConfigurationPlatforms) = postSolution
		{89D831FE-78E1-45FA-888B-7CBEC40A251B}.Debug|Any CPU.ActiveCfg = Debug|Any CPU
		{89D831FE-78E1-45FA-888B-7CBEC40A251B}.Release|Any CPU.ActiveCfg = Release|Any CPU
	EndGlobalSection
	GlobalSection(SolutionProperties) = preSolution
		HideSolutionNode = FALSE
	EndGlobalSection
	GlobalSection(ExtensibilityGlobals) = postSolution
		SolutionGuid = {23789CF4-5D2C-4055-A8BE-A517C63F8E29}
	EndGlobalSection
EndGlobal
