
Microsoft Visual Studio Solution File, Format Version 12.00
# Visual Studio Version 16
VisualStudioVersion = 16.0.28803.352
MinimumVisualStudioVersion = 10.0.40219.1
Project("{888888A0-9F3D-457C-B088-3A5042F75D52}") = "Lab3", "Lab3\Lab3.pyproj", "{ABED3E9A-2469-4B9E-9BB0-F5E3FDE4C96D}"
EndProject
Global
	GlobalSection(SolutionConfigurationPlatforms) = preSolution
		Debug|Any CPU = Debug|Any CPU
		Release|Any CPU = Release|Any CPU
	EndGlobalSection
	GlobalSection(ProjectConfigurationPlatforms) = postSolution
		{ABED3E9A-2469-4B9E-9BB0-F5E3FDE4C96D}.Debug|Any CPU.ActiveCfg = Debug|Any CPU
		{ABED3E9A-2469-4B9E-9BB0-F5E3FDE4C96D}.Release|Any CPU.ActiveCfg = Release|Any CPU
	EndGlobalSection
	GlobalSection(SolutionProperties) = preSolution
		HideSolutionNode = FALSE
	EndGlobalSection
	GlobalSection(ExtensibilityGlobals) = postSolution
		SolutionGuid = {4E3556F0-9DD3-49F2-AC8F-BF2A0E1A33EA}
	EndGlobalSection
EndGlobal
